# THIS IS AN AUTOGENERATED FILE. DO NOT EDIT THIS FILE DIRECTLY.
# yarn lockfile v1


"@babel/runtime@^7.20.1", "@babel/runtime@^7.20.13", "@babel/runtime@^7.20.6":
  version "7.20.13"
  resolved "https://registry.yarnpkg.com/@babel/runtime/-/runtime-7.20.13.tgz#7055ab8a7cff2b8f6058bf6ae45ff84ad2aded4b"
  integrity sha512-gt3PKXs0DBoL9xCvOIIZ2NEqAGZqHjAnmVbfQtB620V0uReIQutpel14KcneZuer7UioY8ALKZ7iocavvzTNFA==
  dependencies:
    regenerator-runtime "^0.13.11"

"@noble/hashes@1.1.5":
  version "1.1.5"
  resolved "https://registry.yarnpkg.com/@noble/hashes/-/hashes-1.1.5.tgz#1a0377f3b9020efe2fae03290bd2a12140c95c11"
  integrity sha512-LTMZiiLc+V4v1Yi16TD6aX2gmtKszNye0pQgbaLqkvhIqP7nVsSaJsWloGQjJfJ8offaoP5GtX3yY5swbcJxxQ==

"@noble/secp256k1@1.7.1":
  version "1.7.1"
  resolved "https://registry.yarnpkg.com/@noble/secp256k1/-/secp256k1-1.7.1.tgz#b251c70f824ce3ca7f8dc3df08d58f005cc0507c"
  integrity sha512-hOUk6AyBFmqVrv7k5WAw/LpszxVbj9gGN4JRkIX52fdFAj1UA61KXmZDvqVEm+pOyec3+fIeZB02LYa/pWOArw==

"@polkadot/api-augment@9.10.1":
  version "9.10.1"
  resolved "https://registry.yarnpkg.com/@polkadot/api-augment/-/api-augment-9.10.1.tgz#b4391796662d168c00e44515f0b0fba742271276"
  integrity sha512-MNHz12YnoIVSAoLOtKIgeimi3ZeFiFdV6bC5rUOF1e09zzLZayd0x6/Hb/WaqTbyy1p12djiqRWSlWOJPrgMjA==
  dependencies:
    "@babel/runtime" "^7.20.1"
    "@polkadot/api-base" "9.10.1"
    "@polkadot/rpc-augment" "9.10.1"
    "@polkadot/types" "9.10.1"
    "@polkadot/types-augment" "9.10.1"
    "@polkadot/types-codec" "9.10.1"
    "@polkadot/util" "^10.2.1"

"@polkadot/api-base@9.10.1":
  version "9.10.1"
  resolved "https://registry.yarnpkg.com/@polkadot/api-base/-/api-base-9.10.1.tgz#71816937ff87e7d445dc8016d00c609aa55e2474"
  integrity sha512-c0mb76uOktK2aHQjbTmgEMqOecajVkLK3ygIKSzbk1l+5mn9ishFCOpgRR3+0N92v3fk4BUvQeuUqNY0yd1K0w==
  dependencies:
    "@babel/runtime" "^7.20.1"
    "@polkadot/rpc-core" "9.10.1"
    "@polkadot/types" "9.10.1"
    "@polkadot/util" "^10.2.1"
    rxjs "^7.5.7"

"@polkadot/api-derive@9.10.1":
  version "9.10.1"
  resolved "https://registry.yarnpkg.com/@polkadot/api-derive/-/api-derive-9.10.1.tgz#17f5cc474bf7a3d6e9bdb5a959157bb5914d2dce"
  integrity sha512-ZpyC0bKZQiYTHOf6E0EI0dJ4v8RVbsG1OFMrN5mI1lzDDLrHsMRG5lOAop7izFwOkNUY9x7IvGt+tzAclvD0Vg==
  dependencies:
    "@babel/runtime" "^7.20.1"
    "@polkadot/api" "9.10.1"
    "@polkadot/api-augment" "9.10.1"
    "@polkadot/api-base" "9.10.1"
    "@polkadot/rpc-core" "9.10.1"
    "@polkadot/types" "9.10.1"
    "@polkadot/types-codec" "9.10.1"
    "@polkadot/util" "^10.2.1"
    "@polkadot/util-crypto" "^10.2.1"
    rxjs "^7.5.7"

"@polkadot/api@9.10.1":
  version "9.10.1"
  resolved "https://registry.yarnpkg.com/@polkadot/api/-/api-9.10.1.tgz#e50058e9ebd6fdf79d406c69110dcd7cb6363948"
  integrity sha512-/3nx8e/I4PklT+pmTzsJgJMnRASvmYaHlK8JmPtLMyvezEKyQwTqHIYZaIk5pLg/94zHWbzegZhE7qPgZY05Jg==
  dependencies:
    "@babel/runtime" "^7.20.1"
    "@polkadot/api-augment" "9.10.1"
    "@polkadot/api-base" "9.10.1"
    "@polkadot/api-derive" "9.10.1"
    "@polkadot/keyring" "^10.2.1"
    "@polkadot/rpc-augment" "9.10.1"
    "@polkadot/rpc-core" "9.10.1"
    "@polkadot/rpc-provider" "9.10.1"
    "@polkadot/types" "9.10.1"
    "@polkadot/types-augment" "9.10.1"
    "@polkadot/types-codec" "9.10.1"
    "@polkadot/types-create" "9.10.1"
    "@polkadot/types-known" "9.10.1"
    "@polkadot/util" "^10.2.1"
    "@polkadot/util-crypto" "^10.2.1"
    eventemitter3 "^4.0.7"
    rxjs "^7.5.7"

"@polkadot/keyring@^10.2.1":
  version "10.3.1"
  resolved "https://registry.yarnpkg.com/@polkadot/keyring/-/keyring-10.3.1.tgz#f13fed33686ff81b1e486721e52299eba9e6c4a6"
  integrity sha512-xBkUtyQ766NVS1ccSYbQssWpxAhSf0uwkw9Amj8TFhu++pnZcVm+EmM2VczWqgOkmWepO7MGRjEXeOIw1YUGiw==
  dependencies:
    "@babel/runtime" "^7.20.13"
    "@polkadot/util" "10.3.1"
    "@polkadot/util-crypto" "10.3.1"

"@polkadot/networks@10.3.1", "@polkadot/networks@^10.2.1":
  version "10.3.1"
  resolved "https://registry.yarnpkg.com/@polkadot/networks/-/networks-10.3.1.tgz#097a2c4cd25eff59fe6c11299f58feedd4335042"
  integrity sha512-W9E1g6zRbIVyF7sGqbpxH0P6caxtBHNEwvDa5/8ZQi9UsLj6mUs0HdwZtAdIo3KcSO4uAyV9VYJjY/oAWWcnXg==
  dependencies:
    "@babel/runtime" "^7.20.13"
    "@polkadot/util" "10.3.1"
    "@substrate/ss58-registry" "^1.38.0"

"@polkadot/rpc-augment@9.10.1":
  version "9.10.1"
  resolved "https://registry.yarnpkg.com/@polkadot/rpc-augment/-/rpc-augment-9.10.1.tgz#41c1824c4e1f46b4516879b6b930256212eca8b4"
  integrity sha512-dMbcfBz7x/25QSFlgAKBWw+8tlqIJ45wNTG5joayD4NRYTAZpZF6SPNh8iPBi5mft8ITnFjRZt+n69F8+WHn0w==
  dependencies:
    "@babel/runtime" "^7.20.1"
    "@polkadot/rpc-core" "9.10.1"
    "@polkadot/types" "9.10.1"
    "@polkadot/types-codec" "9.10.1"
    "@polkadot/util" "^10.2.1"

"@polkadot/rpc-core@9.10.1":
  version "9.10.1"
  resolved "https://registry.yarnpkg.com/@polkadot/rpc-core/-/rpc-core-9.10.1.tgz#eb98ea1c97e23b7c51788515e2820ece1b76f782"
  integrity sha512-02C76UVmrGkg5Its1pDzr8dbHIPxt2xEctTm4tVhxt1lMfqvR4O1PpyLGu7yqmJWtV/YKHNjDtNdEAnZwgEiug==
  dependencies:
    "@babel/runtime" "^7.20.1"
    "@polkadot/rpc-augment" "9.10.1"
    "@polkadot/rpc-provider" "9.10.1"
    "@polkadot/types" "9.10.1"
    "@polkadot/util" "^10.2.1"
    rxjs "^7.5.7"

"@polkadot/rpc-provider@9.10.1":
  version "9.10.1"
  resolved "https://registry.yarnpkg.com/@polkadot/rpc-provider/-/rpc-provider-9.10.1.tgz#5695c7b5973d9d8524a516551eda22d242f89cf9"
  integrity sha512-iDDOVR69KmAo8sURqKqiCKYduBHM/ObvPzpp7iZUisHfhYi2buiG24X4SlDEoRyFr5lGV+ibJwFSvgzmiIWTlg==
  dependencies:
    "@babel/runtime" "^7.20.1"
    "@polkadot/keyring" "^10.2.1"
    "@polkadot/types" "9.10.1"
    "@polkadot/types-support" "9.10.1"
    "@polkadot/util" "^10.2.1"
    "@polkadot/util-crypto" "^10.2.1"
    "@polkadot/x-fetch" "^10.2.1"
    "@polkadot/x-global" "^10.2.1"
    "@polkadot/x-ws" "^10.2.1"
    "@substrate/connect" "0.7.17"
    eventemitter3 "^4.0.7"
    mock-socket "^9.1.5"
    nock "^13.2.9"

"@polkadot/types-augment@9.10.1":
  version "9.10.1"
  resolved "https://registry.yarnpkg.com/@polkadot/types-augment/-/types-augment-9.10.1.tgz#bc3306be7022b9dc0760b416e3f7116afa3780ae"
  integrity sha512-qmcsCQYQnvC/aTe/448SirwIHOwfbFhOlsHRUap48h0mW5F33tZOs1tmEg/ol2EEcLiRKnT3EHiDK7cUIDX+hg==
  dependencies:
    "@babel/runtime" "^7.20.1"
    "@polkadot/types" "9.10.1"
    "@polkadot/types-codec" "9.10.1"
    "@polkadot/util" "^10.2.1"

"@polkadot/types-codec@9.10.1":
  version "9.10.1"
  resolved "https://registry.yarnpkg.com/@polkadot/types-codec/-/types-codec-9.10.1.tgz#d767b14696b8f97dbbbf1a2ee8520801e899273b"
  integrity sha512-X/IHwKhxxxDtRqsZ+YeetvFqxMRFKDlg9oPkeaDhjah88iLptg3bqS+LsIFSc14w9r4O0Ts8zB1XG6e/hT6LaQ==
  dependencies:
    "@babel/runtime" "^7.20.1"
    "@polkadot/util" "^10.2.1"
    "@polkadot/x-bigint" "^10.2.1"

"@polkadot/types-create@9.10.1":
  version "9.10.1"
  resolved "https://registry.yarnpkg.com/@polkadot/types-create/-/types-create-9.10.1.tgz#eabda093f3f63cbb22395a465bb6b84752acdd80"
  integrity sha512-h8DOAlHdpm0GWUsLIwtTwJMp+YUCOkLgAYV1lZNL+G8u0T8uUxSKPJ0ndOMpv3CVeaLCWdntHWcJ5CX6/9NOxg==
  dependencies:
    "@babel/runtime" "^7.20.1"
    "@polkadot/types-codec" "9.10.1"
    "@polkadot/util" "^10.2.1"

"@polkadot/types-known@9.10.1":
  version "9.10.1"
  resolved "https://registry.yarnpkg.com/@polkadot/types-known/-/types-known-9.10.1.tgz#aa392112e55e73cffd6683bc9db6b4731766f1b1"
  integrity sha512-JE1OYL+qsvkNN+glaAQeBLkndp5RuEvI3NKUE2svoQ1GOESCOw8Vr73gbl9vOhD4Efmy+Z1jGZu3J/DS3Qr1Rw==
  dependencies:
    "@babel/runtime" "^7.20.1"
    "@polkadot/networks" "^10.2.1"
    "@polkadot/types" "9.10.1"
    "@polkadot/types-codec" "9.10.1"
    "@polkadot/types-create" "9.10.1"
    "@polkadot/util" "^10.2.1"

"@polkadot/types-support@9.10.1":
  version "9.10.1"
  resolved "https://registry.yarnpkg.com/@polkadot/types-support/-/types-support-9.10.1.tgz#1f9b39e668ad06ed529b9746f5d4d8b8ca51cd43"
  integrity sha512-GHG4pmac7fU3Lro6HvSpMpQ1CNC3ohJc/6VsPBmWUAhQUJKenbWS5Ws3lHS1AEdkyu0R1ru19ERxoI6MxbBH7w==
  dependencies:
    "@babel/runtime" "^7.20.1"
    "@polkadot/util" "^10.2.1"

"@polkadot/types@9.10.1":
  version "9.10.1"
  resolved "https://registry.yarnpkg.com/@polkadot/types/-/types-9.10.1.tgz#2544507040729377a6040a4cba4f66f65015b736"
  integrity sha512-e1Pq6jWAOHeqgfWjbUSuHLJT2/VTmE76s2bBKJ6hqbAXqpAJlPKWXGvyKYG8M4yLYtndQ5ZjLh4dfYXhLj0zEw==
  dependencies:
    "@babel/runtime" "^7.20.1"
    "@polkadot/keyring" "^10.2.1"
    "@polkadot/types-augment" "9.10.1"
    "@polkadot/types-codec" "9.10.1"
    "@polkadot/types-create" "9.10.1"
    "@polkadot/util" "^10.2.1"
    "@polkadot/util-crypto" "^10.2.1"
    rxjs "^7.5.7"

"@polkadot/util-crypto@10.3.1", "@polkadot/util-crypto@^10.2.1":
  version "10.3.1"
  resolved "https://registry.yarnpkg.com/@polkadot/util-crypto/-/util-crypto-10.3.1.tgz#57c8bf9ae93d94bc88bbe3fb0be69f6f3c896323"
  integrity sha512-viqLMuNGrbB2lyDIYdXAl3tq/Em/Y7ql2FvCTHJmxXaB5C1NXiWf1SqFAahUJKohL+ke5IL0jr19wZu/f88lIQ==
  dependencies:
    "@babel/runtime" "^7.20.13"
    "@noble/hashes" "1.1.5"
    "@noble/secp256k1" "1.7.1"
    "@polkadot/networks" "10.3.1"
    "@polkadot/util" "10.3.1"
    "@polkadot/wasm-crypto" "^6.4.1"
    "@polkadot/x-bigint" "10.3.1"
    "@polkadot/x-randomvalues" "10.3.1"
    "@scure/base" "1.1.1"
    ed2curve "^0.3.0"
    tweetnacl "^1.0.3"

"@polkadot/util@10.3.1", "@polkadot/util@^10.2.1":
  version "10.3.1"
  resolved "https://registry.yarnpkg.com/@polkadot/util/-/util-10.3.1.tgz#43b4047c688b4043b815bf0152d408053256defc"
  integrity sha512-8j+O7gj7upj1ZwlGxmAaf3+V0xc0VZvqPeBvTFV30Oi1xoMDNH0q2vKst08wARQUUm1Gi0zIlipDMo0n4Sr7tw==
  dependencies:
    "@babel/runtime" "^7.20.13"
    "@polkadot/x-bigint" "10.3.1"
    "@polkadot/x-global" "10.3.1"
    "@polkadot/x-textdecoder" "10.3.1"
    "@polkadot/x-textencoder" "10.3.1"
    "@types/bn.js" "^5.1.1"
    bn.js "^5.2.1"

"@polkadot/wasm-bridge@6.4.1":
  version "6.4.1"
  resolved "https://registry.yarnpkg.com/@polkadot/wasm-bridge/-/wasm-bridge-6.4.1.tgz#e97915dd67ba543ec3381299c2a5b9330686e27e"
  integrity sha512-QZDvz6dsUlbYsaMV5biZgZWkYH9BC5AfhT0f0/knv8+LrbAoQdP3Asbvddw8vyU9sbpuCHXrd4bDLBwUCRfrBQ==
  dependencies:
    "@babel/runtime" "^7.20.6"

"@polkadot/wasm-crypto-asmjs@6.4.1":
  version "6.4.1"
  resolved "https://registry.yarnpkg.com/@polkadot/wasm-crypto-asmjs/-/wasm-crypto-asmjs-6.4.1.tgz#3cc76bbda5ea4a7a860982c64f9565907b312253"
  integrity sha512-UxZTwuBZlnODGIQdCsE2Sn/jU0O2xrNQ/TkhRFELfkZXEXTNu4lw6NpaKq7Iey4L+wKd8h4lT3VPVkMcPBLOvA==
  dependencies:
    "@babel/runtime" "^7.20.6"

"@polkadot/wasm-crypto-init@6.4.1":
  version "6.4.1"
  resolved "https://registry.yarnpkg.com/@polkadot/wasm-crypto-init/-/wasm-crypto-init-6.4.1.tgz#4d9ab0030db52cf177bf707ef8e77aa4ca721668"
  integrity sha512-1ALagSi/nfkyFaH6JDYfy/QbicVbSn99K8PV9rctDUfxc7P06R7CoqbjGQ4OMPX6w1WYVPU7B4jPHGLYBlVuMw==
  dependencies:
    "@babel/runtime" "^7.20.6"
    "@polkadot/wasm-bridge" "6.4.1"
    "@polkadot/wasm-crypto-asmjs" "6.4.1"
    "@polkadot/wasm-crypto-wasm" "6.4.1"

"@polkadot/wasm-crypto-wasm@6.4.1":
  version "6.4.1"
  resolved "https://registry.yarnpkg.com/@polkadot/wasm-crypto-wasm/-/wasm-crypto-wasm-6.4.1.tgz#97180f80583b18f6a13c1054fa5f7e8da40b1028"
  integrity sha512-3VV9ZGzh0ZY3SmkkSw+0TRXxIpiO0nB8lFwlRgcwaCihwrvLfRnH9GI8WE12mKsHVjWTEVR3ogzILJxccAUjDA==
  dependencies:
    "@babel/runtime" "^7.20.6"
    "@polkadot/wasm-util" "6.4.1"

"@polkadot/wasm-crypto@^6.4.1":
  version "6.4.1"
  resolved "https://registry.yarnpkg.com/@polkadot/wasm-crypto/-/wasm-crypto-6.4.1.tgz#79310e23ad1ca62362ba893db6a8567154c2536a"
  integrity sha512-FH+dcDPdhSLJvwL0pMLtn/LIPd62QDPODZRCmDyw+pFjLOMaRBc7raomWUOqyRWJTnqVf/iscc2rLVLNMyt7ag==
  dependencies:
    "@babel/runtime" "^7.20.6"
    "@polkadot/wasm-bridge" "6.4.1"
    "@polkadot/wasm-crypto-asmjs" "6.4.1"
    "@polkadot/wasm-crypto-init" "6.4.1"
    "@polkadot/wasm-crypto-wasm" "6.4.1"
    "@polkadot/wasm-util" "6.4.1"

"@polkadot/wasm-util@6.4.1":
  version "6.4.1"
  resolved "https://registry.yarnpkg.com/@polkadot/wasm-util/-/wasm-util-6.4.1.tgz#74aecc85bec427a9225d9874685944ea3dc3ab76"
  integrity sha512-Uwo+WpEsDmFExWC5kTNvsVhvqXMZEKf4gUHXFn4c6Xz4lmieRT5g+1bO1KJ21pl4msuIgdV3Bksfs/oiqMFqlw==
  dependencies:
    "@babel/runtime" "^7.20.6"

"@polkadot/x-bigint@10.3.1", "@polkadot/x-bigint@^10.2.1":
  version "10.3.1"
  resolved "https://registry.yarnpkg.com/@polkadot/x-bigint/-/x-bigint-10.3.1.tgz#bba451936c78d9abdb7f2dd9ed52e0cff2305d51"
  integrity sha512-hXtnwy9LXmV43B9pT8gY1zwdNRhpPBEOk1PfL2Ze0Iw2zd+lbljD3GwDP5mkBfIYIw/s15eRTjiUIKfpTRRDXw==
  dependencies:
    "@babel/runtime" "^7.20.13"
    "@polkadot/x-global" "10.3.1"

"@polkadot/x-fetch@^10.2.1":
  version "10.3.1"
  resolved "https://registry.yarnpkg.com/@polkadot/x-fetch/-/x-fetch-10.3.1.tgz#a9eef0df10b5632e7db2c4aea30169b03fd9cd78"
  integrity sha512-v07jNzFK1uzuZ9pAg0oNyU84vFwyekGWZi7Xanh+GPKt6G5RY1JyvSW1GSNcyXpWiqqTnTuaoF+e5PRHeyOnhw==
  dependencies:
    "@babel/runtime" "^7.20.13"
    "@polkadot/x-global" "10.3.1"
    "@types/node-fetch" "^2.6.2"
    node-fetch "^3.3.0"

"@polkadot/x-global@10.3.1", "@polkadot/x-global@^10.2.1":
  version "10.3.1"
  resolved "https://registry.yarnpkg.com/@polkadot/x-global/-/x-global-10.3.1.tgz#1961a88ae82cec2553c4e036badeec31347c5a10"
  integrity sha512-kPAVYP2H3aTjS7BKqGkYV1I3Mu03dnRyeX+rDebC8xoN+hUC5bhb7dzCtb5F8DdqlvFl67ZxRaVtq2XUssGTKQ==
  dependencies:
    "@babel/runtime" "^7.20.13"

"@polkadot/x-randomvalues@10.3.1":
  version "10.3.1"
  resolved "https://registry.yarnpkg.com/@polkadot/x-randomvalues/-/x-randomvalues-10.3.1.tgz#11a5d0923d29fb4bbc782e68a903b4ee6dec8078"
  integrity sha512-9b0hakA4ERcWui7LalqYN+gjYpHpL5OLBhktco62CI9oVNYYKVY6H5+iMO+d3I5U+MecqAqdejl0+L2xhzk3sw==
  dependencies:
    "@babel/runtime" "^7.20.13"
    "@polkadot/x-global" "10.3.1"

"@polkadot/x-textdecoder@10.3.1":
  version "10.3.1"
  resolved "https://registry.yarnpkg.com/@polkadot/x-textdecoder/-/x-textdecoder-10.3.1.tgz#9026788dafaf72e223746533abdd70904ded4cab"
  integrity sha512-BgjcImRYCM2TOMa/95Mmqo6T/YdQWQdVlVQ33PZda7A/I2jBYeOXDj16ftVgn4DWM9xcFVdy2Z3Jg3RGCNbjww==
  dependencies:
    "@babel/runtime" "^7.20.13"
    "@polkadot/x-global" "10.3.1"

"@polkadot/x-textencoder@10.3.1":
  version "10.3.1"
  resolved "https://registry.yarnpkg.com/@polkadot/x-textencoder/-/x-textencoder-10.3.1.tgz#805d3cb70ef18ecd13f525e5d9d980436653430e"
  integrity sha512-nkNsVW1GNT1XfV4IuKlUkdeo9sFJ/2IPhBbC54gu469NFl52b5be5H9x+IHdqqA8cG0ElvsojTd3K3tVD3sx6Q==
  dependencies:
    "@babel/runtime" "^7.20.13"
    "@polkadot/x-global" "10.3.1"

"@polkadot/x-ws@^10.2.1":
  version "10.3.1"
  resolved "https://registry.yarnpkg.com/@polkadot/x-ws/-/x-ws-10.3.1.tgz#92633bf211e541368ab6f0a768e02bd4bd948fd6"
  integrity sha512-gjYXB+W2slfnnnpCn3KjxP/VR3GZ6BK9xmZbeyVhlWFM3e+1WyMoetumxWbqzfpdXjwe3hIl1R28sngxqllfUQ==
  dependencies:
    "@babel/runtime" "^7.20.13"
    "@polkadot/x-global" "10.3.1"
    "@types/websocket" "^1.0.5"
    websocket "^1.0.34"

"@scure/base@1.1.1":
  version "1.1.1"
  resolved "https://registry.yarnpkg.com/@scure/base/-/base-1.1.1.tgz#ebb651ee52ff84f420097055f4bf46cfba403938"
  integrity sha512-ZxOhsSyxYwLJj3pLZCefNitxsj093tb2vq90mp2txoYeBqbcjDjqFhyM8eUjq/uFm6zJ+mUuqxlS2FkuSY1MTA==

"@substrate/connect-extension-protocol@^1.0.1":
  version "1.0.1"
  resolved "https://registry.yarnpkg.com/@substrate/connect-extension-protocol/-/connect-extension-protocol-1.0.1.tgz#fa5738039586c648013caa6a0c95c43265dbe77d"
  integrity sha512-161JhCC1csjH3GE5mPLEd7HbWtwNSPJBg3p1Ksz9SFlTzj/bgEwudiRN2y5i0MoLGCIJRYKyKGMxVnd29PzNjg==

"@substrate/connect@0.7.17":
  version "0.7.17"
  resolved "https://registry.yarnpkg.com/@substrate/connect/-/connect-0.7.17.tgz#b76ce23d24255e89028db81b3cb280c7f86db72e"
  integrity sha512-s0XBmGpUCFWZFa+TS0TEvOKtWjJP2uT4xKmvzApH8INB5xbz79wqWFX6WWh3AlK/X1P0Smt+RVEH7HQiLJAYAw==
  dependencies:
    "@substrate/connect-extension-protocol" "^1.0.1"
    "@substrate/smoldot-light" "0.7.7"
    eventemitter3 "^4.0.7"

"@substrate/smoldot-light@0.7.7":
  version "0.7.7"
  resolved "https://registry.yarnpkg.com/@substrate/smoldot-light/-/smoldot-light-0.7.7.tgz#ee5f89bb25af64d2014d97548b959b7da4c67f08"
  integrity sha512-ksxeAed6dIUtYSl0f8ehgWQjwXnpDGTIJt+WVRIGt3OObZkA96ZdBWx0xP7GrXZtj37u4n/Y1z7TyTm4bwQvrw==
  dependencies:
    pako "^2.0.4"
    ws "^8.8.1"

"@substrate/ss58-registry@^1.38.0":
  version "1.38.0"
  resolved "https://registry.yarnpkg.com/@substrate/ss58-registry/-/ss58-registry-1.38.0.tgz#b50cb28c77a0375fbf33dd29b7b28ee32871af9f"
  integrity sha512-sHiVRWekGMRZAjPukN9/W166NM6D5wtHcK6RVyLy66kg3CHNZ1BXfpXcjOiXSwhbd7guQFDEwnOVaDrbk1XL1g==

"@types/bn.js@^5.1.1":
  version "5.1.1"
  resolved "https://registry.yarnpkg.com/@types/bn.js/-/bn.js-5.1.1.tgz#b51e1b55920a4ca26e9285ff79936bbdec910682"
  integrity sha512-qNrYbZqMx0uJAfKnKclPh+dTwK33KfLHYqtyODwd5HnXOjnkhc4qgn3BrK6RWyGZm5+sIFE7Q7Vz6QQtJB7w7g==
  dependencies:
    "@types/node" "*"

"@types/node-fetch@^2.6.2":
  version "2.6.2"
  resolved "https://registry.yarnpkg.com/@types/node-fetch/-/node-fetch-2.6.2.tgz#d1a9c5fd049d9415dce61571557104dec3ec81da"
  integrity sha512-DHqhlq5jeESLy19TYhLakJ07kNumXWjcDdxXsLUMJZ6ue8VZJj4kLPQVE/2mdHh3xZziNF1xppu5lwmS53HR+A==
  dependencies:
    "@types/node" "*"
    form-data "^3.0.0"

"@types/node@*":
  version "18.13.0"
  resolved "https://registry.yarnpkg.com/@types/node/-/node-18.13.0.tgz#0400d1e6ce87e9d3032c19eb6c58205b0d3f7850"
  integrity sha512-gC3TazRzGoOnoKAhUx+Q0t8S9Tzs74z7m0ipwGpSqQrleP14hKxP4/JUeEQcD3W1/aIpnWl8pHowI7WokuZpXg==

"@types/websocket@^1.0.5":
  version "1.0.5"
  resolved "https://registry.yarnpkg.com/@types/websocket/-/websocket-1.0.5.tgz#3fb80ed8e07f88e51961211cd3682a3a4a81569c"
  integrity sha512-NbsqiNX9CnEfC1Z0Vf4mE1SgAJ07JnRYcNex7AJ9zAVzmiGHmjKFEk7O4TJIsgv2B1sLEb6owKFZrACwdYngsQ==
  dependencies:
    "@types/node" "*"

ansi-regex@^5.0.1:
  version "5.0.1"
  resolved "https://registry.yarnpkg.com/ansi-regex/-/ansi-regex-5.0.1.tgz#082cb2c89c9fe8659a311a53bd6a4dc5301db304"
  integrity sha512-quJQXlTSUGL2LH9SUXo8VwsY4soanhgo6LNSm84E1LBcE8s3O0wpdiRzyR9z/ZZJMlMWv37qOOb9pdJlMUEKFQ==

ansi-styles@^4.1.0:
  version "4.3.0"
  resolved "https://registry.yarnpkg.com/ansi-styles/-/ansi-styles-4.3.0.tgz#edd803628ae71c04c85ae7a0906edad34b648937"
  integrity sha512-zbB9rCJAT1rbjiVDb2hqKFHNYLxgtk8NURxZ3IZwD3F6NtxbXZQCnnSi1Lkx+IDohdPlFp222wVALIheZJQSEg==
  dependencies:
    color-convert "^2.0.1"

asynckit@^0.4.0:
  version "0.4.0"
  resolved "https://registry.yarnpkg.com/asynckit/-/asynckit-0.4.0.tgz#c79ed97f7f34cb8f2ba1bc9790bcc366474b4b79"
  integrity sha512-Oei9OH4tRh0YqU3GxhX79dM/mwVgvbZJaSNaRk+bshkj0S5cfHcgYakreBjrHwatXKbz+IoIdYLxrKim2MjW0Q==

bn.js@^5.2.1:
  version "5.2.1"
  resolved "https://registry.yarnpkg.com/bn.js/-/bn.js-5.2.1.tgz#0bc527a6a0d18d0aa8d5b0538ce4a77dccfa7b70"
  integrity sha512-eXRvHzWyYPBuB4NBy0cmYQjGitUrtqwbvlzP3G6VFnNRbsZQIxQ10PbKKHt8gZ/HW/D/747aDl+QkDqg3KQLMQ==

bufferutil@^4.0.1:
  version "4.0.7"
  resolved "https://registry.yarnpkg.com/bufferutil/-/bufferutil-4.0.7.tgz#60c0d19ba2c992dd8273d3f73772ffc894c153ad"
  integrity sha512-kukuqc39WOHtdxtw4UScxF/WVnMFVSQVKhtx3AjZJzhd0RGZZldcrfSEbVsWWe6KNH253574cq5F+wpv0G9pJw==
  dependencies:
    node-gyp-build "^4.3.0"

chalk@4.1.2:
  version "4.1.2"
  resolved "https://registry.yarnpkg.com/chalk/-/chalk-4.1.2.tgz#aac4e2b7734a740867aeb16bf02aad556a1e7a01"
  integrity sha512-oKnbhFyRIXpUuez8iBMmyEa4nbj4IOQyuhc/wy9kY7/WVPcwIO9VA668Pu8RkO7+0G76SLROeyw9CpQ061i4mA==
  dependencies:
    ansi-styles "^4.1.0"
    supports-color "^7.1.0"

cli-progress@3.11.2:
  version "3.11.2"
  resolved "https://registry.yarnpkg.com/cli-progress/-/cli-progress-3.11.2.tgz#f8c89bd157e74f3f2c43bcfb3505670b4d48fc77"
  integrity sha512-lCPoS6ncgX4+rJu5bS3F/iCz17kZ9MPZ6dpuTtI0KXKABkhyXIdYB3Inby1OpaGti3YlI3EeEkM9AuWpelJrVA==
  dependencies:
    string-width "^4.2.3"

color-convert@^2.0.1:
  version "2.0.1"
  resolved "https://registry.yarnpkg.com/color-convert/-/color-convert-2.0.1.tgz#72d3a68d598c9bdb3af2ad1e84f21d896abd4de3"
  integrity sha512-RRECPsj7iu/xb5oKYcsFHSppFNnsj/52OVTRKb4zP5onXwVF3zVmmToNcOfGC+CRDpfK/U584fMg38ZHCaElKQ==
  dependencies:
    color-name "~1.1.4"

color-name@~1.1.4:
  version "1.1.4"
  resolved "https://registry.yarnpkg.com/color-name/-/color-name-1.1.4.tgz#c2a09a87acbde69543de6f63fa3995c826c536a2"
  integrity sha512-dOy+3AuW3a2wNbZHIuMZpTcgjGuLU/uBL/ubcZF9OXbDo8ff4O8yVp5Bf0efS8uEoYo5q4Fx7dY9OgQGXgAsQA==

combined-stream@^1.0.8:
  version "1.0.8"
  resolved "https://registry.yarnpkg.com/combined-stream/-/combined-stream-1.0.8.tgz#c3d45a8b34fd730631a110a8a2520682b31d5a7f"
  integrity sha512-FQN4MRfuJeHf7cBbBMJFXhKSDq+2kAArBlmRBvcvFE5BB1HZKXtSFASDhdlz9zOYwxh8lDdnvmMOe/+5cdoEdg==
  dependencies:
    delayed-stream "~1.0.0"

d@1, d@^1.0.1:
  version "1.0.1"
  resolved "https://registry.yarnpkg.com/d/-/d-1.0.1.tgz#8698095372d58dbee346ffd0c7093f99f8f9eb5a"
  integrity sha512-m62ShEObQ39CfralilEQRjH6oAMtNCV1xJyEx5LpRYUVN+EviphDgUc/F3hnYbADmkiNs67Y+3ylmlG7Lnu+FA==
  dependencies:
    es5-ext "^0.10.50"
    type "^1.0.1"

data-uri-to-buffer@^4.0.0:
  version "4.0.1"
  resolved "https://registry.yarnpkg.com/data-uri-to-buffer/-/data-uri-to-buffer-4.0.1.tgz#d8feb2b2881e6a4f58c2e08acfd0e2834e26222e"
  integrity sha512-0R9ikRb668HB7QDxT1vkpuUBtqc53YyAwMwGeUFKRojY/NWKvdZ+9UYtRfGmhqNbRkTSVpMbmyhXipFFv2cb/A==

debug@^2.2.0:
  version "2.6.9"
  resolved "https://registry.yarnpkg.com/debug/-/debug-2.6.9.tgz#5d128515df134ff327e90a4c93f4e077a536341f"
  integrity sha512-bC7ElrdJaJnPbAP+1EotYvqZsb3ecl5wi6Bfi6BJTUcNowp6cvspg0jXznRTKDjm/E7AdgFBVeAPVMNcKGsHMA==
  dependencies:
    ms "2.0.0"

debug@^4.1.0:
  version "4.3.4"
  resolved "https://registry.yarnpkg.com/debug/-/debug-4.3.4.tgz#1319f6579357f2338d3337d2cdd4914bb5dcc865"
  integrity sha512-PRWFHuSU3eDtQJPvnNY7Jcket1j0t5OuOsFzPPzsekD52Zl8qUfFIPEiswXqIvHWGVHOgX+7G/vCNNhehwxfkQ==
  dependencies:
    ms "2.1.2"

delayed-stream@~1.0.0:
  version "1.0.0"
  resolved "https://registry.yarnpkg.com/delayed-stream/-/delayed-stream-1.0.0.tgz#df3ae199acadfb7d440aaae0b29e2272b24ec619"
  integrity sha512-ZySD7Nf91aLB0RxL4KGrKHBXl7Eds1DAmEdcoVawXnLD7SDhpNgtuII2aAkg7a7QS41jxPSZ17p4VdGnMHk3MQ==

dotenv@16.0.3:
  version "16.0.3"
  resolved "https://registry.yarnpkg.com/dotenv/-/dotenv-16.0.3.tgz#115aec42bac5053db3c456db30cc243a5a836a07"
  integrity sha512-7GO6HghkA5fYG9TYnNxi14/7K9f5occMlp3zXAuSxn7CKCxt9xbNWG7yF8hTCSUchlfWSe3uLmlPfigevRItzQ==

ed2curve@^0.3.0:
  version "0.3.0"
  resolved "https://registry.yarnpkg.com/ed2curve/-/ed2curve-0.3.0.tgz#322b575152a45305429d546b071823a93129a05d"
  integrity sha512-8w2fmmq3hv9rCrcI7g9hms2pMunQr1JINfcjwR9tAyZqhtyaMN991lF/ZfHfr5tzZQ8c7y7aBgZbjfbd0fjFwQ==
  dependencies:
    tweetnacl "1.x.x"

emoji-regex@^8.0.0:
  version "8.0.0"
  resolved "https://registry.yarnpkg.com/emoji-regex/-/emoji-regex-8.0.0.tgz#e818fd69ce5ccfcb404594f842963bf53164cc37"
  integrity sha512-MSjYzcWNOA0ewAHpz0MxpYFvwg6yjy1NG3xteoqz644VCo/RPgnr1/GGt+ic3iJTzQ8Eu3TdM14SawnVUmGE6A==

es5-ext@^0.10.35, es5-ext@^0.10.50:
  version "0.10.62"
  resolved "https://registry.yarnpkg.com/es5-ext/-/es5-ext-0.10.62.tgz#5e6adc19a6da524bf3d1e02bbc8960e5eb49a9a5"
  integrity sha512-BHLqn0klhEpnOKSrzn/Xsz2UIW8j+cGmo9JLzr8BiUapV8hPL9+FliFqjwr9ngW7jWdnxv6eO+/LqyhJVqgrjA==
  dependencies:
    es6-iterator "^2.0.3"
    es6-symbol "^3.1.3"
    next-tick "^1.1.0"

es6-iterator@^2.0.3:
  version "2.0.3"
  resolved "https://registry.yarnpkg.com/es6-iterator/-/es6-iterator-2.0.3.tgz#a7de889141a05a94b0854403b2d0a0fbfa98f3b7"
  integrity sha512-zw4SRzoUkd+cl+ZoE15A9o1oQd920Bb0iOJMQkQhl3jNc03YqVjAhG7scf9C5KWRU/R13Orf588uCC6525o02g==
  dependencies:
    d "1"
    es5-ext "^0.10.35"
    es6-symbol "^3.1.1"

es6-symbol@^3.1.1, es6-symbol@^3.1.3:
  version "3.1.3"
  resolved "https://registry.yarnpkg.com/es6-symbol/-/es6-symbol-3.1.3.tgz#bad5d3c1bcdac28269f4cb331e431c78ac705d18"
  integrity sha512-NJ6Yn3FuDinBaBRWl/q5X/s4koRHBrgKAu+yGI6JCBeiu3qrcbJhwT2GeR/EXVfylRk8dpQVJoLEFhK+Mu31NA==
  dependencies:
    d "^1.0.1"
    ext "^1.1.2"

eventemitter3@^4.0.7:
  version "4.0.7"
  resolved "https://registry.yarnpkg.com/eventemitter3/-/eventemitter3-4.0.7.tgz#2de9b68f6528d5644ef5c59526a1b4a07306169f"
  integrity sha512-8guHBZCwKnFhYdHr2ysuRWErTwhoN2X8XELRlrRwpmfeY2jjuUN4taQMsULKUVo1K4DvZl+0pgfyoysHxvmvEw==

ext@^1.1.2:
  version "1.7.0"
  resolved "https://registry.yarnpkg.com/ext/-/ext-1.7.0.tgz#0ea4383c0103d60e70be99e9a7f11027a33c4f5f"
  integrity sha512-6hxeJYaL110a9b5TEJSj0gojyHQAmA2ch5Os+ySCiA1QGdS697XWY1pzsrSjqA9LDEEgdB/KypIlR59RcLuHYw==
  dependencies:
    type "^2.7.2"

fetch-blob@^3.1.2, fetch-blob@^3.1.4:
  version "3.2.0"
  resolved "https://registry.yarnpkg.com/fetch-blob/-/fetch-blob-3.2.0.tgz#f09b8d4bbd45adc6f0c20b7e787e793e309dcce9"
  integrity sha512-7yAQpD2UMJzLi1Dqv7qFYnPbaPx7ZfFK6PiIxQ4PfkGPyNyl2Ugx+a/umUonmKqjhM4DnfbMvdX6otXq83soQQ==
  dependencies:
    node-domexception "^1.0.0"
    web-streams-polyfill "^3.0.3"

form-data@^3.0.0:
  version "3.0.1"
  resolved "https://registry.yarnpkg.com/form-data/-/form-data-3.0.1.tgz#ebd53791b78356a99af9a300d4282c4d5eb9755f"
  integrity sha512-RHkBKtLWUVwd7SqRIvCZMEvAMoGUp0XU+seQiZejj0COz3RI3hWP4sCv3gZWWLjJTd7rGwcsF5eKZGii0r/hbg==
  dependencies:
    asynckit "^0.4.0"
    combined-stream "^1.0.8"
    mime-types "^2.1.12"

formdata-polyfill@^4.0.10:
  version "4.0.10"
  resolved "https://registry.yarnpkg.com/formdata-polyfill/-/formdata-polyfill-4.0.10.tgz#24807c31c9d402e002ab3d8c720144ceb8848423"
  integrity sha512-buewHzMvYL29jdeQTVILecSaZKnt/RJWjoZCF5OW60Z67/GmSLBkOFM7qh1PI3zFNtJbaZL5eQu1vLfazOwj4g==
  dependencies:
    fetch-blob "^3.1.2"

has-flag@^4.0.0:
  version "4.0.0"
  resolved "https://registry.yarnpkg.com/has-flag/-/has-flag-4.0.0.tgz#944771fd9c81c81265c4d6941860da06bb59479b"
  integrity sha512-EykJT/Q1KjTWctppgIAgfSO0tKVuZUjhgMr17kqTumMl6Afv3EISleU7qZUzoXDFTAHTDC4NOoG/ZxU3EvlMPQ==

is-fullwidth-code-point@^3.0.0:
  version "3.0.0"
  resolved "https://registry.yarnpkg.com/is-fullwidth-code-point/-/is-fullwidth-code-point-3.0.0.tgz#f116f8064fe90b3f7844a38997c0b75051269f1d"
  integrity sha512-zymm5+u+sCsSWyD9qNaejV3DFvhCKclKdizYaJUuHA83RLjb7nSuGnddCHGv0hk+KY7BMAlsWeK4Ueg6EV6XQg==

is-typedarray@^1.0.0:
  version "1.0.0"
  resolved "https://registry.yarnpkg.com/is-typedarray/-/is-typedarray-1.0.0.tgz#e479c80858df0c1b11ddda6940f96011fcda4a9a"
  integrity sha512-cyA56iCMHAh5CdzjJIa4aohJyeO1YbwLi3Jc35MmRU6poroFjIGZzUzupGiRPOjgHg9TLu43xbpwXk523fMxKA==

json-stringify-safe@^5.0.1:
  version "5.0.1"
  resolved "https://registry.yarnpkg.com/json-stringify-safe/-/json-stringify-safe-5.0.1.tgz#1296a2d58fd45f19a0f6ce01d65701e2c735b6eb"
  integrity sha512-ZClg6AaYvamvYEE82d3Iyd3vSSIjQ+odgjaTzRuO3s7toCdFKczob2i0zCh7JE8kWn17yvAWhUVxvqGwUalsRA==

lodash@^4.17.21:
  version "4.17.21"
  resolved "https://registry.yarnpkg.com/lodash/-/lodash-4.17.21.tgz#679591c564c3bffaae8454cf0b3df370c3d6911c"
  integrity sha512-v2kDEe57lecTulaDIuNTPy3Ry4gLGJ6Z1O3vE1krgXZNrsQ+LFTGHVxVjcXPs17LhbZVGedAJv8XZ1tvj5FvSg==

mime-db@1.52.0:
  version "1.52.0"
  resolved "https://registry.yarnpkg.com/mime-db/-/mime-db-1.52.0.tgz#bbabcdc02859f4987301c856e3387ce5ec43bf70"
  integrity sha512-sPU4uV7dYlvtWJxwwxHD0PuihVNiE7TyAbQ5SWxDCB9mUYvOgroQOwYQQOKPJ8CIbE+1ETVlOoK1UC2nU3gYvg==

mime-types@^2.1.12:
  version "2.1.35"
  resolved "https://registry.yarnpkg.com/mime-types/-/mime-types-2.1.35.tgz#381a871b62a734450660ae3deee44813f70d959a"
  integrity sha512-ZDY+bPm5zTTF+YpCrAU9nK0UgICYPT0QtT1NZWFv4s++TNkcgVaT0g6+4R2uI4MjQjzysHB1zxuWL50hzaeXiw==
  dependencies:
    mime-db "1.52.0"

mock-socket@^9.1.5:
  version "9.1.5"
  resolved "https://registry.yarnpkg.com/mock-socket/-/mock-socket-9.1.5.tgz#2c4e44922ad556843b6dfe09d14ed8041fa2cdeb"
  integrity sha512-3DeNIcsQixWHHKk6NdoBhWI4t1VMj5/HzfnI1rE/pLl5qKx7+gd4DNA07ehTaZ6MoUU053si6Hd+YtiM/tQZfg==

ms@2.0.0:
  version "2.0.0"
  resolved "https://registry.yarnpkg.com/ms/-/ms-2.0.0.tgz#5608aeadfc00be6c2901df5f9861788de0d597c8"
  integrity sha512-Tpp60P6IUJDTuOq/5Z8cdskzJujfwqfOTkrwIwj7IRISpnkJnT6SyJ4PCPnGMoFjC9ddhal5KVIYtAt97ix05A==

ms@2.1.2:
  version "2.1.2"
  resolved "https://registry.yarnpkg.com/ms/-/ms-2.1.2.tgz#d09d1f357b443f493382a8eb3ccd183872ae6009"
  integrity sha512-sGkPx+VjMtmA6MX27oA4FBFELFCZZ4S4XqeGOXCv68tT+jb3vk/RyaKWP0PTKyWtmLSM0b+adUTEvbs1PEaH2w==

next-tick@^1.1.0:
  version "1.1.0"
  resolved "https://registry.yarnpkg.com/next-tick/-/next-tick-1.1.0.tgz#1836ee30ad56d67ef281b22bd199f709449b35eb"
  integrity sha512-CXdUiJembsNjuToQvxayPZF9Vqht7hewsvy2sOWafLvi2awflj9mOC6bHIg50orX8IJvWKY9wYQ/zB2kogPslQ==

nock@^13.2.9:
  version "13.3.0"
  resolved "https://registry.yarnpkg.com/nock/-/nock-13.3.0.tgz#b13069c1a03f1ad63120f994b04bfd2556925768"
  integrity sha512-HHqYQ6mBeiMc+N038w8LkMpDCRquCHWeNmN3v6645P3NhN2+qXOBqvPqo7Rt1VyCMzKhJ733wZqw5B7cQVFNPg==
  dependencies:
    debug "^4.1.0"
    json-stringify-safe "^5.0.1"
    lodash "^4.17.21"
    propagate "^2.0.0"

node-domexception@^1.0.0:
  version "1.0.0"
  resolved "https://registry.yarnpkg.com/node-domexception/-/node-domexception-1.0.0.tgz#6888db46a1f71c0b76b3f7555016b63fe64766e5"
  integrity sha512-/jKZoMpw0F8GRwl4/eLROPA3cfcXtLApP0QzLmUT/HuPCZWyB7IY9ZrMeKw2O/nFIqPQB3PVM9aYm0F312AXDQ==

node-fetch@^3.3.0:
  version "3.3.0"
  resolved "https://registry.yarnpkg.com/node-fetch/-/node-fetch-3.3.0.tgz#37e71db4ecc257057af828d523a7243d651d91e4"
  integrity sha512-BKwRP/O0UvoMKp7GNdwPlObhYGB5DQqwhEDQlNKuoqwVYSxkSZCSbHjnFFmUEtwSKRPU4kNK8PbDYYitwaE3QA==
  dependencies:
    data-uri-to-buffer "^4.0.0"
    fetch-blob "^3.1.4"
    formdata-polyfill "^4.0.10"

node-gyp-build@^4.3.0:
  version "4.6.0"
  resolved "https://registry.yarnpkg.com/node-gyp-build/-/node-gyp-build-4.6.0.tgz#0c52e4cbf54bbd28b709820ef7b6a3c2d6209055"
  integrity sha512-NTZVKn9IylLwUzaKjkas1e4u2DLNcV4rdYagA4PWdPwW87Bi7z+BznyKSRwS/761tV/lzCGXplWsiaMjLqP2zQ==

pako@^2.0.4:
  version "2.1.0"
  resolved "https://registry.yarnpkg.com/pako/-/pako-2.1.0.tgz#266cc37f98c7d883545d11335c00fbd4062c9a86"
  integrity sha512-w+eufiZ1WuJYgPXbV/PO3NCMEc3xqylkKHzp8bxp1uW4qaSNQUkwmLLEc3kKsfz8lpV1F8Ht3U1Cm+9Srog2ug==

propagate@^2.0.0:
  version "2.0.1"
  resolved "https://registry.yarnpkg.com/propagate/-/propagate-2.0.1.tgz#40cdedab18085c792334e64f0ac17256d38f9a45"
  integrity sha512-vGrhOavPSTz4QVNuBNdcNXePNdNMaO1xj9yBeH1ScQPjk/rhg9sSlCXPhMkFuaNNW/syTvYqsnbIJxMBfRbbag==

regenerator-runtime@^0.13.11:
  version "0.13.11"
  resolved "https://registry.yarnpkg.com/regenerator-runtime/-/regenerator-runtime-0.13.11.tgz#f6dca3e7ceec20590d07ada785636a90cdca17f9"
  integrity sha512-kY1AZVr2Ra+t+piVaJ4gxaFaReZVH40AKNo7UCX6W+dEwBo/2oZJzqfuN1qLq1oL45o56cPaTXELwrTh8Fpggg==

rxjs@^7.5.7:
  version "7.8.0"
  resolved "https://registry.yarnpkg.com/rxjs/-/rxjs-7.8.0.tgz#90a938862a82888ff4c7359811a595e14e1e09a4"
  integrity sha512-F2+gxDshqmIub1KdvZkaEfGDwLNpPvk9Fs6LD/MyQxNgMds/WH9OdDDXOmxUZpME+iSK3rQCctkL0DYyytUqMg==
  dependencies:
    tslib "^2.1.0"

string-width@^4.2.3:
  version "4.2.3"
  resolved "https://registry.yarnpkg.com/string-width/-/string-width-4.2.3.tgz#269c7117d27b05ad2e536830a8ec895ef9c6d010"
  integrity sha512-wKyQRQpjJ0sIp62ErSZdGsjMJWsap5oRNihHhu6G7JVO/9jIB6UyevL+tXuOqrng8j/cxKTWyWUwvSTriiZz/g==
  dependencies:
    emoji-regex "^8.0.0"
    is-fullwidth-code-point "^3.0.0"
    strip-ansi "^6.0.1"

strip-ansi@^6.0.1:
  version "6.0.1"
  resolved "https://registry.yarnpkg.com/strip-ansi/-/strip-ansi-6.0.1.tgz#9e26c63d30f53443e9489495b2105d37b67a85d9"
  integrity sha512-Y38VPSHcqkFrCpFnQ9vuSXmquuv5oXOKpGeT6aGrr3o3Gc9AlVa6JBfUSOCnbxGGZF+/0ooI7KrPuUSztUdU5A==
  dependencies:
    ansi-regex "^5.0.1"

supports-color@^7.1.0:
  version "7.2.0"
  resolved "https://registry.yarnpkg.com/supports-color/-/supports-color-7.2.0.tgz#1b7dcdcb32b8138801b3e478ba6a51caa89648da"
  integrity sha512-qpCAvRl9stuOHveKsn7HncJRvv501qIacKzQlO/+Lwxc9+0q2wLyv4Dfvt80/DPn2pqOBsJdDiogXGR9+OvwRw==
  dependencies:
    has-flag "^4.0.0"

tslib@^2.1.0:
  version "2.5.0"
  resolved "https://registry.yarnpkg.com/tslib/-/tslib-2.5.0.tgz#42bfed86f5787aeb41d031866c8f402429e0fddf"
  integrity sha512-336iVw3rtn2BUK7ORdIAHTyxHGRIHVReokCR3XjbckJMK7ms8FysBfhLR8IXnAgy7T0PTPNBWKiH514FOW/WSg==

tweetnacl@1.x.x, tweetnacl@^1.0.3:
  version "1.0.3"
  resolved "https://registry.yarnpkg.com/tweetnacl/-/tweetnacl-1.0.3.tgz#ac0af71680458d8a6378d0d0d050ab1407d35596"
  integrity sha512-6rt+RN7aOi1nGMyC4Xa5DdYiukl2UWCbcJft7YhxReBGQD7OAM8Pbxw6YMo4r2diNEA8FEmu32YOn9rhaiE5yw==

type@^1.0.1:
  version "1.2.0"
  resolved "https://registry.yarnpkg.com/type/-/type-1.2.0.tgz#848dd7698dafa3e54a6c479e759c4bc3f18847a0"
  integrity sha512-+5nt5AAniqsCnu2cEQQdpzCAh33kVx8n0VoFidKpB1dVVLAN/F+bgVOqOJqOnEnrhp222clB5p3vUlD+1QAnfg==

type@^2.7.2:
  version "2.7.2"
  resolved "https://registry.yarnpkg.com/type/-/type-2.7.2.tgz#2376a15a3a28b1efa0f5350dcf72d24df6ef98d0"
  integrity sha512-dzlvlNlt6AXU7EBSfpAscydQ7gXB+pPGsPnfJnZpiNJBDj7IaJzQlBZYGdEi4R9HmPdBv2XmWJ6YUtoTa7lmCw==

typedarray-to-buffer@^3.1.5:
  version "3.1.5"
  resolved "https://registry.yarnpkg.com/typedarray-to-buffer/-/typedarray-to-buffer-3.1.5.tgz#a97ee7a9ff42691b9f783ff1bc5112fe3fca9080"
  integrity sha512-zdu8XMNEDepKKR+XYOXAVPtWui0ly0NtohUscw+UmaHiAWT8hrV1rr//H6V+0DvJ3OQ19S979M0laLfX8rm82Q==
  dependencies:
    is-typedarray "^1.0.0"

utf-8-validate@^5.0.2:
  version "5.0.10"
  resolved "https://registry.yarnpkg.com/utf-8-validate/-/utf-8-validate-5.0.10.tgz#d7d10ea39318171ca982718b6b96a8d2442571a2"
  integrity sha512-Z6czzLq4u8fPOyx7TU6X3dvUZVvoJmxSQ+IcrlmagKhilxlhZgxPK6C5Jqbkw1IDUmFTM+cz9QDnnLTwDz/2gQ==
  dependencies:
    node-gyp-build "^4.3.0"

web-streams-polyfill@^3.0.3:
  version "3.2.1"
  resolved "https://registry.yarnpkg.com/web-streams-polyfill/-/web-streams-polyfill-3.2.1.tgz#71c2718c52b45fd49dbeee88634b3a60ceab42a6"
  integrity sha512-e0MO3wdXWKrLbL0DgGnUV7WHVuw9OUvL4hjgnPkIeEvESk74gAITi5G606JtZPp39cd8HA9VQzCIvA49LpPN5Q==

websocket@^1.0.34:
  version "1.0.34"
  resolved "https://registry.yarnpkg.com/websocket/-/websocket-1.0.34.tgz#2bdc2602c08bf2c82253b730655c0ef7dcab3111"
  integrity sha512-PRDso2sGwF6kM75QykIesBijKSVceR6jL2G8NGYyq2XrItNC2P5/qL5XeR056GhA+Ly7JMFvJb9I312mJfmqnQ==
  dependencies:
    bufferutil "^4.0.1"
    debug "^2.2.0"
    es5-ext "^0.10.50"
    typedarray-to-buffer "^3.1.5"
    utf-8-validate "^5.0.2"
    yaeti "^0.0.6"

ws@^8.8.1:
  version "8.12.0"
  resolved "https://registry.yarnpkg.com/ws/-/ws-8.12.0.tgz#485074cc392689da78e1828a9ff23585e06cddd8"
  integrity sha512-kU62emKIdKVeEIOIKVegvqpXMSTAMLJozpHZaJNDYqBjzlSYXQGviYwN1osDLJ9av68qHd4a2oSjd7yD4pacig==

yaeti@^0.0.6:
  version "0.0.6"
  resolved "https://registry.yarnpkg.com/yaeti/-/yaeti-0.0.6.tgz#f26f484d72684cf42bedfb76970aa1608fbf9577"
  integrity sha512-MvQa//+KcZCUkBTIC9blM+CU9J2GzuTytsOUwf2lidtvkx/6gnEp1QvJv34t9vdjhFmha/mUiNDbN0D0mJWdug==
